
Microsoft Visual Studio Solution File, Format Version 12.00
# Visual Studio Version 17
VisualStudioVersion = 17.3.32825.248
MinimumVisualStudioVersion = 10.0.40219.1
Project("{FAE04EC0-301F-11D3-BF4B-00C04F79EFBC}") = "DataAccess", "DataAccess\DataAccess.csproj", "{C43773B6-372F-4651-B718-056852DDCC34}"
EndProject
Project("{FAE04EC0-301F-11D3-BF4B-00C04F79EFBC}") = "Business", "Business\Business.csproj", "{C2E7FBCE-00B0-4B39-B50F-5638D5D091D7}"
EndProject
Project("{FAE04EC0-301F-11D3-BF4B-00C04F79EFBC}") = "Entities", "Entities\Entities.csproj", "{5F0FBD9F-280E-465E-8C99-6AD4A94A7321}"
EndProject
Project("{FAE04EC0-301F-11D3-BF4B-00C04F79EFBC}") = "Core", "Core\Core.csproj", "{F2B3130E-F128-4D54-87E2-16564A5D7B52}"
EndProject
Project("{FAE04EC0-301F-11D3-BF4B-00C04F79EFBC}") = "WebUI", "WebUI\WebUI.csproj", "{B547E573-605F-4780-B735-BF92B4F1884E}"
EndProject
Global
	GlobalSection(SolutionConfigurationPlatforms) = preSolution
		Debug|Any CPU = Debug|Any CPU
		Release|Any CPU = Release|Any CPU
	EndGlobalSection
	GlobalSection(ProjectConfigurationPlatforms) = postSolution
		{C43773B6-372F-4651-B718-056852DDCC34}.Debug|Any CPU.ActiveCfg = Debug|Any CPU
		{C43773B6-372F-4651-B718-056852DDCC34}.Debug|Any CPU.Build.0 = Debug|Any CPU
		{C43773B6-372F-4651-B718-056852DDCC34}.Release|Any CPU.ActiveCfg = Release|Any CPU
		{C43773B6-372F-4651-B718-056852DDCC34}.Release|Any CPU.Build.0 = Release|Any CPU
		{C2E7FBCE-00B0-4B39-B50F-5638D5D091D7}.Debug|Any CPU.ActiveCfg = Debug|Any CPU
		{C2E7FBCE-00B0-4B39-B50F-5638D5D091D7}.Debug|Any CPU.Build.0 = Debug|Any CPU
		{C2E7FBCE-00B0-4B39-B50F-5638D5D091D7}.Release|Any CPU.ActiveCfg = Release|Any CPU
		{C2E7FBCE-00B0-4B39-B50F-5638D5D091D7}.Release|Any CPU.Build.0 = Release|Any CPU
		{5F0FBD9F-280E-465E-8C99-6AD4A94A7321}.Debug|Any CPU.ActiveCfg = Debug|Any CPU
		{5F0FBD9F-280E-465E-8C99-6AD4A94A7321}.Debug|Any CPU.Build.0 = Debug|Any CPU
		{5F0FBD9F-280E-465E-8C99-6AD4A94A7321}.Release|Any CPU.ActiveCfg = Release|Any CPU
		{5F0FBD9F-280E-465E-8C99-6AD4A94A7321}.Release|Any CPU.Build.0 = Release|Any CPU
		{F2B3130E-F128-4D54-87E2-16564A5D7B52}.Debug|Any CPU.ActiveCfg = Debug|Any CPU
		{F2B3130E-F128-4D54-87E2-16564A5D7B52}.Debug|Any CPU.Build.0 = Debug|Any CPU
		{F2B3130E-F128-4D54-87E2-16564A5D7B52}.Release|Any CPU.ActiveCfg = Release|Any CPU
		{F2B3130E-F128-4D54-87E2-16564A5D7B52}.Release|Any CPU.Build.0 = Release|Any CPU
		{B547E573-605F-4780-B735-BF92B4F1884E}.Debug|Any CPU.ActiveCfg = Debug|Any CPU
		{B547E573-605F-4780-B735-BF92B4F1884E}.Debug|Any CPU.Build.0 = Debug|Any CPU
		{B547E573-605F-4780-B735-BF92B4F1884E}.Release|Any CPU.ActiveCfg = Release|Any CPU
		{B547E573-605F-4780-B735-BF92B4F1884E}.Release|Any CPU.Build.0 = Release|Any CPU
	EndGlobalSection
	GlobalSection(SolutionProperties) = preSolution
		HideSolutionNode = FALSE
	EndGlobalSection
	GlobalSection(ExtensibilityGlobals) = postSolution
		SolutionGuid = {FEB99783-2098-45C4-882A-138D827D4607}
	EndGlobalSection
EndGlobal
